
Microsoft Visual Studio Solution File, Format Version 12.00
# Visual Studio 15
Project("{FAE04EC0-301F-11D3-BF4B-00C04F79EFBC}") = "Assembly-CSharp", "Assembly-CSharp.csproj", "{6EA76B36-FFED-3FAA-F180-CA8AB7028A5B}"
EndProject
Project("{FAE04EC0-301F-11D3-BF4B-00C04F79EFBC}") = "Assembly-CSharp-Editor", "Assembly-CSharp-Editor.csproj", "{72048A6B-D2F4-CC98-D4D7-442D04CAA41E}"
EndProject
Global
	GlobalSection(SolutionConfigurationPlatforms) = preSolution
		Debug|Any CPU = Debug|Any CPU
		Release|Any CPU = Release|Any CPU
	EndGlobalSection
	GlobalSection(ProjectConfigurationPlatforms) = postSolution
		{6EA76B36-FFED-3FAA-F180-CA8AB7028A5B}.Debug|Any CPU.ActiveCfg = Debug|Any CPU
		{6EA76B36-FFED-3FAA-F180-CA8AB7028A5B}.Debug|Any CPU.Build.0 = Debug|Any CPU
		{6EA76B36-FFED-3FAA-F180-CA8AB7028A5B}.Release|Any CPU.ActiveCfg = Release|Any CPU
		{6EA76B36-FFED-3FAA-F180-CA8AB7028A5B}.Release|Any CPU.Build.0 = Release|Any CPU
		{72048A6B-D2F4-CC98-D4D7-442D04CAA41E}.Debug|Any CPU.ActiveCfg = Debug|Any CPU
		{72048A6B-D2F4-CC98-D4D7-442D04CAA41E}.Debug|Any CPU.Build.0 = Debug|Any CPU
		{72048A6B-D2F4-CC98-D4D7-442D04CAA41E}.Release|Any CPU.ActiveCfg = Release|Any CPU
		{72048A6B-D2F4-CC98-D4D7-442D04CAA41E}.Release|Any CPU.Build.0 = Release|Any CPU
	EndGlobalSection
	GlobalSection(SolutionProperties) = preSolution
		HideSolutionNode = FALSE
	EndGlobalSection
EndGlobal
